// !$*UTF8*$!
{
	archiveVersion = 1;
	classes = {
	};
	objectVersion = 56;
	objects = {

/* Begin PBXBuildFile section */
		EC9DC7192C40D74000ECB973 /* SwiftUIPersistenceApp.swift in Sources */ = {isa = PBXBuildFile; fileRef = EC9DC7182C40D74000ECB973 /* SwiftUIPersistenceApp.swift */; };
		EC9DC71B2C40D74000ECB973 /* ContentView.swift in Sources */ = {isa = PBXBuildFile; fileRef = EC9DC71A2C40D74000ECB973 /* ContentView.swift */; };
		EC9DC71D2C40D74300ECB973 /* Assets.xcassets in Resources */ = {isa = PBXBuildFile; fileRef = EC9DC71C2C40D74300ECB973 /* Assets.xcassets */; };
		EC9DC7202C40D74300ECB973 /* Preview Assets.xcassets in Resources */ = {isa = PBXBuildFile; fileRef = EC9DC71F2C40D74300ECB973 /* Preview Assets.xcassets */; };
		EC9DC7272C40D89700ECB973 /* UserDefaultsExampleView.swift in Sources */ = {isa = PBXBuildFile; fileRef = EC9DC7262C40D89700ECB973 /* UserDefaultsExampleView.swift */; };
		EC9DC7292C40E15300ECB973 /* FileSystemExampleView.swift in Sources */ = {isa = PBXBuildFile; fileRef = EC9DC7282C40E15300ECB973 /* FileSystemExampleView.swift */; };
		EC9DC72B2C44B2B200ECB973 /* ObjectSerializationExampleView.swift in Sources */ = {isa = PBXBuildFile; fileRef = EC9DC72A2C44B2B200ECB973 /* ObjectSerializationExampleView.swift */; };
		EC9DC72E2C44B50700ECB973 /* SQLite in Frameworks */ = {isa = PBXBuildFile; productRef = EC9DC72D2C44B50700ECB973 /* SQLite */; };
		EC9DC7302C44B5EC00ECB973 /* SQLiteExampleView.swift in Sources */ = {isa = PBXBuildFile; fileRef = EC9DC72F2C44B5EC00ECB973 /* SQLiteExampleView.swift */; };
		EC9DC7322C44B96A00ECB973 /* Article.swift in Sources */ = {isa = PBXBuildFile; fileRef = EC9DC7312C44B96A00ECB973 /* Article.swift */; };
		EC9DC7342C44BA0C00ECB973 /* NewsView.swift in Sources */ = {isa = PBXBuildFile; fileRef = EC9DC7332C44BA0C00ECB973 /* NewsView.swift */; };
		EC9DC7372C44BA5300ECB973 /* Alamofire in Frameworks */ = {isa = PBXBuildFile; productRef = EC9DC7362C44BA5300ECB973 /* Alamofire */; };
/* End PBXBuildFile section */

/* Begin PBXFileReference section */
		EC9DC7152C40D74000ECB973 /* SwiftUIPersistence.app */ = {isa = PBXFileReference; explicitFileType = wrapper.application; includeInIndex = 0; path = SwiftUIPersistence.app; sourceTree = BUILT_PRODUCTS_DIR; };
		EC9DC7182C40D74000ECB973 /* SwiftUIPersistenceApp.swift */ = {isa = PBXFileReference; lastKnownFileType = sourcecode.swift; path = SwiftUIPersistenceApp.swift; sourceTree = "<group>"; };
		EC9DC71A2C40D74000ECB973 /* ContentView.swift */ = {isa = PBXFileReference; lastKnownFileType = sourcecode.swift; path = ContentView.swift; sourceTree = "<group>"; };
		EC9DC71C2C40D74300ECB973 /* Assets.xcassets */ = {isa = PBXFileReference; lastKnownFileType = folder.assetcatalog; path = Assets.xcassets; sourceTree = "<group>"; };
		EC9DC71F2C40D74300ECB973 /* Preview Assets.xcassets */ = {isa = PBXFileReference; lastKnownFileType = folder.assetcatalog; path = "Preview Assets.xcassets"; sourceTree = "<group>"; };
		EC9DC7262C40D89700ECB973 /* UserDefaultsExampleView.swift */ = {isa = PBXFileReference; lastKnownFileType = sourcecode.swift; path = UserDefaultsExampleView.swift; sourceTree = "<group>"; };
		EC9DC7282C40E15300ECB973 /* FileSystemExampleView.swift */ = {isa = PBXFileReference; lastKnownFileType = sourcecode.swift; path = FileSystemExampleView.swift; sourceTree = "<group>"; };
		EC9DC72A2C44B2B200ECB973 /* ObjectSerializationExampleView.swift */ = {isa = PBXFileReference; lastKnownFileType = sourcecode.swift; path = ObjectSerializationExampleView.swift; sourceTree = "<group>"; };
		EC9DC72F2C44B5EC00ECB973 /* SQLiteExampleView.swift */ = {isa = PBXFileReference; lastKnownFileType = sourcecode.swift; path = SQLiteExampleView.swift; sourceTree = "<group>"; };
		EC9DC7312C44B96A00ECB973 /* Article.swift */ = {isa = PBXFileReference; lastKnownFileType = sourcecode.swift; path = Article.swift; sourceTree = "<group>"; };
		EC9DC7332C44BA0C00ECB973 /* NewsView.swift */ = {isa = PBXFileReference; lastKnownFileType = sourcecode.swift; path = NewsView.swift; sourceTree = "<group>"; };
/* End PBXFileReference section */

/* Begin PBXFrameworksBuildPhase section */
		EC9DC7122C40D74000ECB973 /* Frameworks */ = {
			isa = PBXFrameworksBuildPhase;
			buildActionMask = 2147483647;
			files = (
				EC9DC72E2C44B50700ECB973 /* SQLite in Frameworks */,
				EC9DC7372C44BA5300ECB973 /* Alamofire in Frameworks */,
			);
			runOnlyForDeploymentPostprocessing = 0;
		};
/* End PBXFrameworksBuildPhase section */

/* Begin PBXGroup section */
		EC9DC70C2C40D74000ECB973 = {
			isa = PBXGroup;
			children = (
				EC9DC7172C40D74000ECB973 /* SwiftUIPersistence */,
				EC9DC7162C40D74000ECB973 /* Products */,
			);
			sourceTree = "<group>";
		};
		EC9DC7162C40D74000ECB973 /* Products */ = {
			isa = PBXGroup;
			children = (
				EC9DC7152C40D74000ECB973 /* SwiftUIPersistence.app */,
			);
			name = Products;
			sourceTree = "<group>";
		};
		EC9DC7172C40D74000ECB973 /* SwiftUIPersistence */ = {
			isa = PBXGroup;
			children = (
				EC9DC7182C40D74000ECB973 /* SwiftUIPersistenceApp.swift */,
				EC9DC71A2C40D74000ECB973 /* ContentView.swift */,
				EC9DC7262C40D89700ECB973 /* UserDefaultsExampleView.swift */,
				EC9DC7282C40E15300ECB973 /* FileSystemExampleView.swift */,
				EC9DC72A2C44B2B200ECB973 /* ObjectSerializationExampleView.swift */,
				EC9DC72F2C44B5EC00ECB973 /* SQLiteExampleView.swift */,
				EC9DC7312C44B96A00ECB973 /* Article.swift */,
				EC9DC7332C44BA0C00ECB973 /* NewsView.swift */,
				EC9DC71C2C40D74300ECB973 /* Assets.xcassets */,
				EC9DC71E2C40D74300ECB973 /* Preview Content */,
			);
			path = SwiftUIPersistence;
			sourceTree = "<group>";
		};
		EC9DC71E2C40D74300ECB973 /* Preview Content */ = {
			isa = PBXGroup;
			children = (
				EC9DC71F2C40D74300ECB973 /* Preview Assets.xcassets */,
			);
			path = "Preview Content";
			sourceTree = "<group>";
		};
/* End PBXGroup section */

/* Begin PBXNativeTarget section */
		EC9DC7142C40D74000ECB973 /* SwiftUIPersistence */ = {
			isa = PBXNativeTarget;
			buildConfigurationList = EC9DC7232C40D74300ECB973 /* Build configuration list for PBXNativeTarget "SwiftUIPersistence" */;
			buildPhases = (
				EC9DC7112C40D74000ECB973 /* Sources */,
				EC9DC7122C40D74000ECB973 /* Frameworks */,
				EC9DC7132C40D74000ECB973 /* Resources */,
			);
			buildRules = (
			);
			dependencies = (
			);
			name = SwiftUIPersistence;
			packageProductDependencies = (
				EC9DC72D2C44B50700ECB973 /* SQLite */,
				EC9DC7362C44BA5300ECB973 /* Alamofire */,
			);
			productName = SwiftUIPersistence;
			productReference = EC9DC7152C40D74000ECB973 /* SwiftUIPersistence.app */;
			productType = "com.apple.product-type.application";
		};
/* End PBXNativeTarget section */

/* Begin PBXProject section */
		EC9DC70D2C40D74000ECB973 /* Project object */ = {
			isa = PBXProject;
			attributes = {
				BuildIndependentTargetsInParallel = 1;
				LastSwiftUpdateCheck = 1540;
				LastUpgradeCheck = 1540;
				TargetAttributes = {
					EC9DC7142C40D74000ECB973 = {
						CreatedOnToolsVersion = 15.4;
					};
				};
			};
			buildConfigurationList = EC9DC7102C40D74000ECB973 /* Build configuration list for PBXProject "SwiftUIPersistence" */;
			compatibilityVersion = "Xcode 14.0";
			developmentRegion = en;
			hasScannedForEncodings = 0;
			knownRegions = (
				en,
				Base,
			);
			mainGroup = EC9DC70C2C40D74000ECB973;
			packageReferences = (
				EC9DC72C2C44B50700ECB973 /* XCRemoteSwiftPackageReference "SQLite" */,
				EC9DC7352C44BA5300ECB973 /* XCRemoteSwiftPackageReference "Alamofire" */,
			);
			productRefGroup = EC9DC7162C40D74000ECB973 /* Products */;
			projectDirPath = "";
			projectRoot = "";
			targets = (
				EC9DC7142C40D74000ECB973 /* SwiftUIPersistence */,
			);
		};
/* End PBXProject section */

/* Begin PBXResourcesBuildPhase section */
		EC9DC7132C40D74000ECB973 /* Resources */ = {
			isa = PBXResourcesBuildPhase;
			buildActionMask = 2147483647;
			files = (
				EC9DC7202C40D74300ECB973 /* Preview Assets.xcassets in Resources */,
				EC9DC71D2C40D74300ECB973 /* Assets.xcassets in Resources */,
			);
			runOnlyForDeploymentPostprocessing = 0;
		};
/* End PBXResourcesBuildPhase section */

/* Begin PBXSourcesBuildPhase section */
		EC9DC7112C40D74000ECB973 /* Sources */ = {
			isa = PBXSourcesBuildPhase;
			buildActionMask = 2147483647;
			files = (
				EC9DC7322C44B96A00ECB973 /* Article.swift in Sources */,
				EC9DC7342C44BA0C00ECB973 /* NewsView.swift in Sources */,
				EC9DC72B2C44B2B200ECB973 /* ObjectSerializationExampleView.swift in Sources */,
				EC9DC7302C44B5EC00ECB973 /* SQLiteExampleView.swift in Sources */,
				EC9DC71B2C40D74000ECB973 /* ContentView.swift in Sources */,
				EC9DC7272C40D89700ECB973 /* UserDefaultsExampleView.swift in Sources */,
				EC9DC7292C40E15300ECB973 /* FileSystemExampleView.swift in Sources */,
				EC9DC7192C40D74000ECB973 /* SwiftUIPersistenceApp.swift in Sources */,
			);
			runOnlyForDeploymentPostprocessing = 0;
		};
/* End PBXSourcesBuildPhase section */

/* Begin XCBuildConfiguration section */
		EC9DC7212C40D74300ECB973 /* Debug */ = {
			isa = XCBuildConfiguration;
			buildSettings = {
				ALWAYS_SEARCH_USER_PATHS = NO;
				ASSETCATALOG_COMPILER_GENERATE_SWIFT_ASSET_SYMBOL_EXTENSIONS = YES;
				CLANG_ANALYZER_NONNULL = YES;
				CLANG_ANALYZER_NUMBER_OBJECT_CONVERSION = YES_AGGRESSIVE;
				CLANG_CXX_LANGUAGE_STANDARD = "gnu++20";
				CLANG_ENABLE_MODULES = YES;
				CLANG_ENABLE_OBJC_ARC = YES;
				CLANG_ENABLE_OBJC_WEAK = YES;
				CLANG_WARN_BLOCK_CAPTURE_AUTORELEASING = YES;
				CLANG_WARN_BOOL_CONVERSION = YES;
				CLANG_WARN_COMMA = YES;
				CLANG_WARN_CONSTANT_CONVERSION = YES;
				CLANG_WARN_DEPRECATED_OBJC_IMPLEMENTATIONS = YES;
				CLANG_WARN_DIRECT_OBJC_ISA_USAGE = YES_ERROR;
				CLANG_WARN_DOCUMENTATION_COMMENTS = YES;
				CLANG_WARN_EMPTY_BODY = YES;
				CLANG_WARN_ENUM_CONVERSION = YES;
				CLANG_WARN_INFINITE_RECURSION = YES;
				CLANG_WARN_INT_CONVERSION = YES;
				CLANG_WARN_NON_LITERAL_NULL_CONVERSION = YES;
				CLANG_WARN_OBJC_IMPLICIT_RETAIN_SELF = YES;
				CLANG_WARN_OBJC_LITERAL_CONVERSION = YES;
				CLANG_WARN_OBJC_ROOT_CLASS = YES_ERROR;
				CLANG_WARN_QUOTED_INCLUDE_IN_FRAMEWORK_HEADER = YES;
				CLANG_WARN_RANGE_LOOP_ANALYSIS = YES;
				CLANG_WARN_STRICT_PROTOTYPES = YES;
				CLANG_WARN_SUSPICIOUS_MOVE = YES;
				CLANG_WARN_UNGUARDED_AVAILABILITY = YES_AGGRESSIVE;
				CLANG_WARN_UNREACHABLE_CODE = YES;
				CLANG_WARN__DUPLICATE_METHOD_MATCH = YES;
				COPY_PHASE_STRIP = NO;
				DEBUG_INFORMATION_FORMAT = dwarf;
				ENABLE_STRICT_OBJC_MSGSEND = YES;
				ENABLE_TESTABILITY = YES;
				ENABLE_USER_SCRIPT_SANDBOXING = YES;
				GCC_C_LANGUAGE_STANDARD = gnu17;
				GCC_DYNAMIC_NO_PIC = NO;
				GCC_NO_COMMON_BLOCKS = YES;
				GCC_OPTIMIZATION_LEVEL = 0;
				GCC_PREPROCESSOR_DEFINITIONS = (
					"DEBUG=1",
					"$(inherited)",
				);
				GCC_WARN_64_TO_32_BIT_CONVERSION = YES;
				GCC_WARN_ABOUT_RETURN_TYPE = YES_ERROR;
				GCC_WARN_UNDECLARED_SELECTOR = YES;
				GCC_WARN_UNINITIALIZED_AUTOS = YES_AGGRESSIVE;
				GCC_WARN_UNUSED_FUNCTION = YES;
				GCC_WARN_UNUSED_VARIABLE = YES;
				IPHONEOS_DEPLOYMENT_TARGET = 17.5;
				LOCALIZATION_PREFERS_STRING_CATALOGS = YES;
				MTL_ENABLE_DEBUG_INFO = INCLUDE_SOURCE;
				MTL_FAST_MATH = YES;
				ONLY_ACTIVE_ARCH = YES;
				SDKROOT = iphoneos;
				SWIFT_ACTIVE_COMPILATION_CONDITIONS = "DEBUG $(inherited)";
				SWIFT_OPTIMIZATION_LEVEL = "-Onone";
			};
			name = Debug;
		};
		EC9DC7222C40D74300ECB973 /* Release */ = {
			isa = XCBuildConfiguration;
			buildSettings = {
				ALWAYS_SEARCH_USER_PATHS = NO;
				ASSETCATALOG_COMPILER_GENERATE_SWIFT_ASSET_SYMBOL_EXTENSIONS = YES;
				CLANG_ANALYZER_NONNULL = YES;
				CLANG_ANALYZER_NUMBER_OBJECT_CONVERSION = YES_AGGRESSIVE;
				CLANG_CXX_LANGUAGE_STANDARD = "gnu++20";
				CLANG_ENABLE_MODULES = YES;
				CLANG_ENABLE_OBJC_ARC = YES;
				CLANG_ENABLE_OBJC_WEAK = YES;
				CLANG_WARN_BLOCK_CAPTURE_AUTORELEASING = YES;
				CLANG_WARN_BOOL_CONVERSION = YES;
				CLANG_WARN_COMMA = YES;
				CLANG_WARN_CONSTANT_CONVERSION = YES;
				CLANG_WARN_DEPRECATED_OBJC_IMPLEMENTATIONS = YES;
				CLANG_WARN_DIRECT_OBJC_ISA_USAGE = YES_ERROR;
				CLANG_WARN_DOCUMENTATION_COMMENTS = YES;
				CLANG_WARN_EMPTY_BODY = YES;
				CLANG_WARN_ENUM_CONVERSION = YES;
				CLANG_WARN_INFINITE_RECURSION = YES;
				CLANG_WARN_INT_CONVERSION = YES;
				CLANG_WARN_NON_LITERAL_NULL_CONVERSION = YES;
				CLANG_WARN_OBJC_IMPLICIT_RETAIN_SELF = YES;
				CLANG_WARN_OBJC_LITERAL_CONVERSION = YES;
				CLANG_WARN_OBJC_ROOT_CLASS = YES_ERROR;
				CLANG_WARN_QUOTED_INCLUDE_IN_FRAMEWORK_HEADER = YES;
				CLANG_WARN_RANGE_LOOP_ANALYSIS = YES;
				CLANG_WARN_STRICT_PROTOTYPES = YES;
				CLANG_WARN_SUSPICIOUS_MOVE = YES;
				CLANG_WARN_UNGUARDED_AVAILABILITY = YES_AGGRESSIVE;
				CLANG_WARN_UNREACHABLE_CODE = YES;
				CLANG_WARN__DUPLICATE_METHOD_MATCH = YES;
				COPY_PHASE_STRIP = NO;
				DEBUG_INFORMATION_FORMAT = "dwarf-with-dsym";
				ENABLE_NS_ASSERTIONS = NO;
				ENABLE_STRICT_OBJC_MSGSEND = YES;
				ENABLE_USER_SCRIPT_SANDBOXING = YES;
				GCC_C_LANGUAGE_STANDARD = gnu17;
				GCC_NO_COMMON_BLOCKS = YES;
				GCC_WARN_64_TO_32_BIT_CONVERSION = YES;
				GCC_WARN_ABOUT_RETURN_TYPE = YES_ERROR;
				GCC_WARN_UNDECLARED_SELECTOR = YES;
				GCC_WARN_UNINITIALIZED_AUTOS = YES_AGGRESSIVE;
				GCC_WARN_UNUSED_FUNCTION = YES;
				GCC_WARN_UNUSED_VARIABLE = YES;
				IPHONEOS_DEPLOYMENT_TARGET = 17.5;
				LOCALIZATION_PREFERS_STRING_CATALOGS = YES;
				MTL_ENABLE_DEBUG_INFO = NO;
				MTL_FAST_MATH = YES;
				SDKROOT = iphoneos;
				SWIFT_COMPILATION_MODE = wholemodule;
				VALIDATE_PRODUCT = YES;
			};
			name = Release;
		};
		EC9DC7242C40D74300ECB973 /* Debug */ = {
			isa = XCBuildConfiguration;
			buildSettings = {
				ASSETCATALOG_COMPILER_APPICON_NAME = AppIcon;
				ASSETCATALOG_COMPILER_GLOBAL_ACCENT_COLOR_NAME = AccentColor;
				CODE_SIGN_STYLE = Automatic;
				CURRENT_PROJECT_VERSION = 1;
				DEVELOPMENT_ASSET_PATHS = "\"SwiftUIPersistence/Preview Content\"";
				DEVELOPMENT_TEAM = 635W7T767E;
				ENABLE_PREVIEWS = YES;
				GENERATE_INFOPLIST_FILE = YES;
				INFOPLIST_KEY_UIApplicationSceneManifest_Generation = YES;
				INFOPLIST_KEY_UIApplicationSupportsIndirectInputEvents = YES;
				INFOPLIST_KEY_UILaunchScreen_Generation = YES;
				INFOPLIST_KEY_UISupportedInterfaceOrientations_iPad = "UIInterfaceOrientationPortrait UIInterfaceOrientationPortraitUpsideDown UIInterfaceOrientationLandscapeLeft UIInterfaceOrientationLandscapeRight";
				INFOPLIST_KEY_UISupportedInterfaceOrientations_iPhone = "UIInterfaceOrientationPortrait UIInterfaceOrientationLandscapeLeft UIInterfaceOrientationLandscapeRight";
				LD_RUNPATH_SEARCH_PATHS = (
					"$(inherited)",
					"@executable_path/Frameworks",
				);
				MARKETING_VERSION = 1.0;
				PRODUCT_BUNDLE_IDENTIFIER = com.idevebi.SwiftUIPersistence;
				PRODUCT_NAME = "$(TARGET_NAME)";
				SWIFT_EMIT_LOC_STRINGS = YES;
				SWIFT_VERSION = 5.0;
				TARGETED_DEVICE_FAMILY = "1,2";
			};
			name = Debug;
		};
		EC9DC7252C40D74300ECB973 /* Release */ = {
			isa = XCBuildConfiguration;
			buildSettings = {
				ASSETCATALOG_COMPILER_APPICON_NAME = AppIcon;
				ASSETCATALOG_COMPILER_GLOBAL_ACCENT_COLOR_NAME = AccentColor;
				CODE_SIGN_STYLE = Automatic;
				CURRENT_PROJECT_VERSION = 1;
				DEVELOPMENT_ASSET_PATHS = "\"SwiftUIPersistence/Preview Content\"";
				DEVELOPMENT_TEAM = 635W7T767E;
				ENABLE_PREVIEWS = YES;
				GENERATE_INFOPLIST_FILE = YES;
				INFOPLIST_KEY_UIApplicationSceneManifest_Generation = YES;
				INFOPLIST_KEY_UIApplicationSupportsIndirectInputEvents = YES;
				INFOPLIST_KEY_UILaunchScreen_Generation = YES;
				INFOPLIST_KEY_UISupportedInterfaceOrientations_iPad = "UIInterfaceOrientationPortrait UIInterfaceOrientationPortraitUpsideDown UIInterfaceOrientationLandscapeLeft UIInterfaceOrientationLandscapeRight";
				INFOPLIST_KEY_UISupportedInterfaceOrientations_iPhone = "UIInterfaceOrientationPortrait UIInterfaceOrientationLandscapeLeft UIInterfaceOrientationLandscapeRight";
				LD_RUNPATH_SEARCH_PATHS = (
					"$(inherited)",
					"@executable_path/Frameworks",
				);
				MARKETING_VERSION = 1.0;
				PRODUCT_BUNDLE_IDENTIFIER = com.idevebi.SwiftUIPersistence;
				PRODUCT_NAME = "$(TARGET_NAME)";
				SWIFT_EMIT_LOC_STRINGS = YES;
				SWIFT_VERSION = 5.0;
				TARGETED_DEVICE_FAMILY = "1,2";
			};
			name = Release;
		};
/* End XCBuildConfiguration section */

/* Begin XCConfigurationList section */
		EC9DC7102C40D74000ECB973 /* Build configuration list for PBXProject "SwiftUIPersistence" */ = {
			isa = XCConfigurationList;
			buildConfigurations = (
				EC9DC7212C40D74300ECB973 /* Debug */,
				EC9DC7222C40D74300ECB973 /* Release */,
			);
			defaultConfigurationIsVisible = 0;
			defaultConfigurationName = Release;
		};
		EC9DC7232C40D74300ECB973 /* Build configuration list for PBXNativeTarget "SwiftUIPersistence" */ = {
			isa = XCConfigurationList;
			buildConfigurations = (
				EC9DC7242C40D74300ECB973 /* Debug */,
				EC9DC7252C40D74300ECB973 /* Release */,
			);
			defaultConfigurationIsVisible = 0;
			defaultConfigurationName = Release;
		};
/* End XCConfigurationList section */

/* Begin XCRemoteSwiftPackageReference section */
		EC9DC72C2C44B50700ECB973 /* XCRemoteSwiftPackageReference "SQLite" */ = {
			isa = XCRemoteSwiftPackageReference;
			repositoryURL = "https://github.com/stephencelis/SQLite.swift";
			requirement = {
				kind = upToNextMajorVersion;
				minimumVersion = 0.15.3;
			};
		};
		EC9DC7352C44BA5300ECB973 /* XCRemoteSwiftPackageReference "Alamofire" */ = {
			isa = XCRemoteSwiftPackageReference;
			repositoryURL = "https://github.com/Alamofire/Alamofire.git";
			requirement = {
				kind = upToNextMajorVersion;
				minimumVersion = 5.9.1;
			};
		};
/* End XCRemoteSwiftPackageReference section */

/* Begin XCSwiftPackageProductDependency section */
		EC9DC72D2C44B50700ECB973 /* SQLite */ = {
			isa = XCSwiftPackageProductDependency;
			package = EC9DC72C2C44B50700ECB973 /* XCRemoteSwiftPackageReference "SQLite" */;
			productName = SQLite;
		};
		EC9DC7362C44BA5300ECB973 /* Alamofire */ = {
			isa = XCSwiftPackageProductDependency;
			package = EC9DC7352C44BA5300ECB973 /* XCRemoteSwiftPackageReference "Alamofire" */;
			productName = Alamofire;
		};
/* End XCSwiftPackageProductDependency section */
	};
	rootObject = EC9DC70D2C40D74000ECB973 /* Project object */;
}
